
Microsoft Visual Studio Solution File, Format Version 12.00
# Visual Studio Version 16
VisualStudioVersion = 16.0.28621.142
MinimumVisualStudioVersion = 10.0.40219.1
Project("{FAE04EC0-301F-11D3-BF4B-00C04F79EFBC}") = "Lumen Studio", "Lumen Studio\Lumen Studio.csproj", "{BAE2519A-C953-457F-9CD2-D17844FD4440}"
EndProject
Project("{FAE04EC0-301F-11D3-BF4B-00C04F79EFBC}") = "prelude", "std\prelude.csproj", "{B2914BDF-F767-4007-A7BE-1B478C39A54E}"
EndProject
Project("{FAE04EC0-301F-11D3-BF4B-00C04F79EFBC}") = "anatomy", "lms\anatomy.csproj", "{FF4D45BF-08A3-45EE-8163-41C35D748A8C}"
EndProject
Project("{FAE04EC0-301F-11D3-BF4B-00C04F79EFBC}") = "lmi", "lmi\lmi.csproj", "{4D45964F-221B-4A64-BB17-3CCBD4DD8E88}"
EndProject
Project("{2150E333-8FDC-42A3-9474-1A3956D46DE8}") = "Solution Items", "Solution Items", "{3794AE63-E79D-4CA4-A969-B10A3A382F29}"
	ProjectSection(SolutionItems) = preProject
		diary.txt = diary.txt
		platform.txt = platform.txt
		..\prelude.lm = ..\prelude.lm
	EndProjectSection
EndProject
Project("{2150E333-8FDC-42A3-9474-1A3956D46DE8}") = "ide", "ide", "{B27631EC-F586-4BBD-A856-5706E01616B8}"
EndProject
Project("{FAE04EC0-301F-11D3-BF4B-00C04F79EFBC}") = "xmltools", "xmltools\xmltools.csproj", "{D21B8DBE-5E42-42AC-B33C-AA9379D3FAAD}"
EndProject
Project("{2150E333-8FDC-42A3-9474-1A3956D46DE8}") = "prelude", "prelude", "{F4A9C41D-FA40-4B3F-8CE4-DAEE67AEDBA1}"
	ProjectSection(SolutionItems) = preProject
		..\prelude.lm = ..\prelude.lm
	EndProjectSection
EndProject
Project("{2150E333-8FDC-42A3-9474-1A3956D46DE8}") = "proposals", "proposals", "{2F8349B1-07DE-4653-A12D-06BCD674700B}"
	ProjectSection(SolutionItems) = preProject
		active-patterns.txt = active-patterns.txt
		allow-only-types-in-constructors.txt = allow-only-types-in-constructors.txt
		anonymous-records.txt = anonymous-records.txt
		enums.txt = enums.txt
		exception-handling.txt = exception-handling.txt
		exceptions.txt = exceptions.txt
		flag-enum.txt = flag-enum.txt
		import.txt = import.txt
		rangetypes.txt = rangetypes.txt
		records.txt = records.txt
		typeof.txt = typeof.txt
		union.txt = union.txt
	EndProjectSection
EndProject
Project("{FAE04EC0-301F-11D3-BF4B-00C04F79EFBC}") = "FastColoredTextBox", "FastColoredTextBox\FastColoredTextBox\FastColoredTextBox.csproj", "{6DD14A85-CCFC-4774-BD26-0F5772512319}"
EndProject
Global
	GlobalSection(SolutionConfigurationPlatforms) = preSolution
		Debug|Any CPU = Debug|Any CPU
		Release|Any CPU = Release|Any CPU
	EndGlobalSection
	GlobalSection(ProjectConfigurationPlatforms) = postSolution
		{BAE2519A-C953-457F-9CD2-D17844FD4440}.Debug|Any CPU.ActiveCfg = Debug|Any CPU
		{BAE2519A-C953-457F-9CD2-D17844FD4440}.Debug|Any CPU.Build.0 = Debug|Any CPU
		{BAE2519A-C953-457F-9CD2-D17844FD4440}.Release|Any CPU.ActiveCfg = Release|Any CPU
		{BAE2519A-C953-457F-9CD2-D17844FD4440}.Release|Any CPU.Build.0 = Release|Any CPU
		{B2914BDF-F767-4007-A7BE-1B478C39A54E}.Debug|Any CPU.ActiveCfg = Debug|Any CPU
		{B2914BDF-F767-4007-A7BE-1B478C39A54E}.Debug|Any CPU.Build.0 = Debug|Any CPU
		{B2914BDF-F767-4007-A7BE-1B478C39A54E}.Release|Any CPU.ActiveCfg = Release|Any CPU
		{B2914BDF-F767-4007-A7BE-1B478C39A54E}.Release|Any CPU.Build.0 = Release|Any CPU
		{FF4D45BF-08A3-45EE-8163-41C35D748A8C}.Debug|Any CPU.ActiveCfg = Debug|Any CPU
		{FF4D45BF-08A3-45EE-8163-41C35D748A8C}.Debug|Any CPU.Build.0 = Debug|Any CPU
		{FF4D45BF-08A3-45EE-8163-41C35D748A8C}.Release|Any CPU.ActiveCfg = Release|Any CPU
		{FF4D45BF-08A3-45EE-8163-41C35D748A8C}.Release|Any CPU.Build.0 = Release|Any CPU
		{4D45964F-221B-4A64-BB17-3CCBD4DD8E88}.Debug|Any CPU.ActiveCfg = Debug|Any CPU
		{4D45964F-221B-4A64-BB17-3CCBD4DD8E88}.Debug|Any CPU.Build.0 = Debug|Any CPU
		{4D45964F-221B-4A64-BB17-3CCBD4DD8E88}.Release|Any CPU.ActiveCfg = Release|Any CPU
		{4D45964F-221B-4A64-BB17-3CCBD4DD8E88}.Release|Any CPU.Build.0 = Release|Any CPU
		{D21B8DBE-5E42-42AC-B33C-AA9379D3FAAD}.Debug|Any CPU.ActiveCfg = Debug|Any CPU
		{D21B8DBE-5E42-42AC-B33C-AA9379D3FAAD}.Debug|Any CPU.Build.0 = Debug|Any CPU
		{D21B8DBE-5E42-42AC-B33C-AA9379D3FAAD}.Release|Any CPU.ActiveCfg = Release|Any CPU
		{D21B8DBE-5E42-42AC-B33C-AA9379D3FAAD}.Release|Any CPU.Build.0 = Release|Any CPU
		{6DD14A85-CCFC-4774-BD26-0F5772512319}.Debug|Any CPU.ActiveCfg = Debug|Any CPU
		{6DD14A85-CCFC-4774-BD26-0F5772512319}.Debug|Any CPU.Build.0 = Debug|Any CPU
		{6DD14A85-CCFC-4774-BD26-0F5772512319}.Release|Any CPU.ActiveCfg = Release|Any CPU
		{6DD14A85-CCFC-4774-BD26-0F5772512319}.Release|Any CPU.Build.0 = Release|Any CPU
	EndGlobalSection
	GlobalSection(SolutionProperties) = preSolution
		HideSolutionNode = FALSE
	EndGlobalSection
	GlobalSection(NestedProjects) = preSolution
		{BAE2519A-C953-457F-9CD2-D17844FD4440} = {B27631EC-F586-4BBD-A856-5706E01616B8}
		{FF4D45BF-08A3-45EE-8163-41C35D748A8C} = {B27631EC-F586-4BBD-A856-5706E01616B8}
		{D21B8DBE-5E42-42AC-B33C-AA9379D3FAAD} = {B27631EC-F586-4BBD-A856-5706E01616B8}
		{F4A9C41D-FA40-4B3F-8CE4-DAEE67AEDBA1} = {3794AE63-E79D-4CA4-A969-B10A3A382F29}
		{2F8349B1-07DE-4653-A12D-06BCD674700B} = {3794AE63-E79D-4CA4-A969-B10A3A382F29}
		{6DD14A85-CCFC-4774-BD26-0F5772512319} = {B27631EC-F586-4BBD-A856-5706E01616B8}
	EndGlobalSection
	GlobalSection(ExtensibilityGlobals) = postSolution
		SolutionGuid = {BF3F3BE2-8521-4C91-99D7-8DDA3FB5AB5F}
	EndGlobalSection
EndGlobal
