
Microsoft Visual Studio Solution File, Format Version 12.00
# Visual Studio 15
VisualStudioVersion = 15.0.27703.2042
MinimumVisualStudioVersion = 10.0.40219.1
Project("{FAE04EC0-301F-11D3-BF4B-00C04F79EFBC}") = "Lumen Studio", "LumenPad\Lumen Studio.csproj", "{BAE2519A-C953-457F-9CD2-D17844FD4440}"
EndProject
Project("{FAE04EC0-301F-11D3-BF4B-00C04F79EFBC}") = "FastColoredTextBox", "..\..\..\source\repos\KVM\FastColoredTextBox\FastColoredTextBox.csproj", "{6DD14A85-CCFC-4774-BD26-0F5772512319}"
EndProject
Project("{FAE04EC0-301F-11D3-BF4B-00C04F79EFBC}") = "light", "light\light.csproj", "{823C41CD-2BBD-456E-BCB9-90578498C60D}"
EndProject
Project("{FAE04EC0-301F-11D3-BF4B-00C04F79EFBC}") = "std", "std\std.csproj", "{B2914BDF-F767-4007-A7BE-1B478C39A54E}"
EndProject
Project("{2150E333-8FDC-42A3-9474-1A3956D46DE8}") = "lib", "lib", "{880AA778-2EBC-43A1-B162-A34ADEF10385}"
EndProject
Project("{FAE04EC0-301F-11D3-BF4B-00C04F79EFBC}") = "web", "web\web.csproj", "{F5E04269-ACCF-4CE4-81A5-E0012F803184}"
EndProject
Project("{FAE04EC0-301F-11D3-BF4B-00C04F79EFBC}") = "visualization", "visualization\visualization.csproj", "{90C82290-986A-4F67-AACF-8A6683C401D8}"
EndProject
Project("{2150E333-8FDC-42A3-9474-1A3956D46DE8}") = "utilites", "utilites", "{F3C66011-211D-4BC7-B0B4-14FBCFFDC61F}"
EndProject
Project("{FAE04EC0-301F-11D3-BF4B-00C04F79EFBC}") = "anatomy", "lms\anatomy.csproj", "{FF4D45BF-08A3-45EE-8163-41C35D748A8C}"
EndProject
Global
	GlobalSection(SolutionConfigurationPlatforms) = preSolution
		Debug|Any CPU = Debug|Any CPU
		Release|Any CPU = Release|Any CPU
	EndGlobalSection
	GlobalSection(ProjectConfigurationPlatforms) = postSolution
		{BAE2519A-C953-457F-9CD2-D17844FD4440}.Debug|Any CPU.ActiveCfg = Debug|Any CPU
		{BAE2519A-C953-457F-9CD2-D17844FD4440}.Debug|Any CPU.Build.0 = Debug|Any CPU
		{BAE2519A-C953-457F-9CD2-D17844FD4440}.Release|Any CPU.ActiveCfg = Release|Any CPU
		{BAE2519A-C953-457F-9CD2-D17844FD4440}.Release|Any CPU.Build.0 = Release|Any CPU
		{6DD14A85-CCFC-4774-BD26-0F5772512319}.Debug|Any CPU.ActiveCfg = Debug|Any CPU
		{6DD14A85-CCFC-4774-BD26-0F5772512319}.Debug|Any CPU.Build.0 = Debug|Any CPU
		{6DD14A85-CCFC-4774-BD26-0F5772512319}.Release|Any CPU.ActiveCfg = Release|Any CPU
		{6DD14A85-CCFC-4774-BD26-0F5772512319}.Release|Any CPU.Build.0 = Release|Any CPU
		{823C41CD-2BBD-456E-BCB9-90578498C60D}.Debug|Any CPU.ActiveCfg = Debug|Any CPU
		{823C41CD-2BBD-456E-BCB9-90578498C60D}.Debug|Any CPU.Build.0 = Debug|Any CPU
		{823C41CD-2BBD-456E-BCB9-90578498C60D}.Release|Any CPU.ActiveCfg = Release|Any CPU
		{823C41CD-2BBD-456E-BCB9-90578498C60D}.Release|Any CPU.Build.0 = Release|Any CPU
		{B2914BDF-F767-4007-A7BE-1B478C39A54E}.Debug|Any CPU.ActiveCfg = Debug|Any CPU
		{B2914BDF-F767-4007-A7BE-1B478C39A54E}.Debug|Any CPU.Build.0 = Debug|Any CPU
		{B2914BDF-F767-4007-A7BE-1B478C39A54E}.Release|Any CPU.ActiveCfg = Release|Any CPU
		{B2914BDF-F767-4007-A7BE-1B478C39A54E}.Release|Any CPU.Build.0 = Release|Any CPU
		{F5E04269-ACCF-4CE4-81A5-E0012F803184}.Debug|Any CPU.ActiveCfg = Debug|Any CPU
		{F5E04269-ACCF-4CE4-81A5-E0012F803184}.Debug|Any CPU.Build.0 = Debug|Any CPU
		{F5E04269-ACCF-4CE4-81A5-E0012F803184}.Release|Any CPU.ActiveCfg = Release|Any CPU
		{F5E04269-ACCF-4CE4-81A5-E0012F803184}.Release|Any CPU.Build.0 = Release|Any CPU
		{90C82290-986A-4F67-AACF-8A6683C401D8}.Debug|Any CPU.ActiveCfg = Debug|Any CPU
		{90C82290-986A-4F67-AACF-8A6683C401D8}.Debug|Any CPU.Build.0 = Debug|Any CPU
		{90C82290-986A-4F67-AACF-8A6683C401D8}.Release|Any CPU.ActiveCfg = Release|Any CPU
		{90C82290-986A-4F67-AACF-8A6683C401D8}.Release|Any CPU.Build.0 = Release|Any CPU
		{FF4D45BF-08A3-45EE-8163-41C35D748A8C}.Debug|Any CPU.ActiveCfg = Debug|Any CPU
		{FF4D45BF-08A3-45EE-8163-41C35D748A8C}.Debug|Any CPU.Build.0 = Debug|Any CPU
		{FF4D45BF-08A3-45EE-8163-41C35D748A8C}.Release|Any CPU.ActiveCfg = Release|Any CPU
		{FF4D45BF-08A3-45EE-8163-41C35D748A8C}.Release|Any CPU.Build.0 = Release|Any CPU
	EndGlobalSection
	GlobalSection(SolutionProperties) = preSolution
		HideSolutionNode = FALSE
	EndGlobalSection
	GlobalSection(NestedProjects) = preSolution
		{F5E04269-ACCF-4CE4-81A5-E0012F803184} = {880AA778-2EBC-43A1-B162-A34ADEF10385}
		{90C82290-986A-4F67-AACF-8A6683C401D8} = {880AA778-2EBC-43A1-B162-A34ADEF10385}
		{FF4D45BF-08A3-45EE-8163-41C35D748A8C} = {F3C66011-211D-4BC7-B0B4-14FBCFFDC61F}
	EndGlobalSection
	GlobalSection(ExtensibilityGlobals) = postSolution
		SolutionGuid = {BF3F3BE2-8521-4C91-99D7-8DDA3FB5AB5F}
	EndGlobalSection
EndGlobal
