
Microsoft Visual Studio Solution File, Format Version 12.00
# Visual Studio Version 16
VisualStudioVersion = 16.0.28621.142
MinimumVisualStudioVersion = 10.0.40219.1
Project("{FAE04EC0-301F-11D3-BF4B-00C04F79EFBC}") = "Lumen Studio", "Lumen Studio\Lumen Studio.csproj", "{BAE2519A-C953-457F-9CD2-D17844FD4440}"
EndProject
Project("{FAE04EC0-301F-11D3-BF4B-00C04F79EFBC}") = "prelude", "std\prelude.csproj", "{B2914BDF-F767-4007-A7BE-1B478C39A54E}"
EndProject
Project("{2150E333-8FDC-42A3-9474-1A3956D46DE8}") = "libs", "libs", "{880AA778-2EBC-43A1-B162-A34ADEF10385}"
EndProject
Project("{FAE04EC0-301F-11D3-BF4B-00C04F79EFBC}") = "web", "web\web.csproj", "{F5E04269-ACCF-4CE4-81A5-E0012F803184}"
EndProject
Project("{FAE04EC0-301F-11D3-BF4B-00C04F79EFBC}") = "plot", "visualization\plot.csproj", "{90C82290-986A-4F67-AACF-8A6683C401D8}"
EndProject
Project("{2150E333-8FDC-42A3-9474-1A3956D46DE8}") = "utilites", "utilites", "{F3C66011-211D-4BC7-B0B4-14FBCFFDC61F}"
EndProject
Project("{FAE04EC0-301F-11D3-BF4B-00C04F79EFBC}") = "anatomy", "lms\anatomy.csproj", "{FF4D45BF-08A3-45EE-8163-41C35D748A8C}"
EndProject
Project("{FAE04EC0-301F-11D3-BF4B-00C04F79EFBC}") = "visual", "gui\visual.csproj", "{FCA7A883-D6E0-41ED-953D-EA6B4AAB87EC}"
EndProject
Project("{FAE04EC0-301F-11D3-BF4B-00C04F79EFBC}") = "FastColoredTextBox", "..\..\..\source\repos\Hybrid\FastColoredTextBox\FastColoredTextBox.csproj", "{6DD14A85-CCFC-4774-BD26-0F5772512319}"
EndProject
Project("{FAE04EC0-301F-11D3-BF4B-00C04F79EFBC}") = "lmi", "lmi\lmi.csproj", "{4D45964F-221B-4A64-BB17-3CCBD4DD8E88}"
EndProject
Project("{F2A71F9B-5D33-465A-A702-920D77279786}") = "Tutorial1", "Tutorial1\Tutorial1.fsproj", "{9253E610-4E7F-4015-B341-5FF5CBBA28E3}"
EndProject
Project("{FAE04EC0-301F-11D3-BF4B-00C04F79EFBC}") = "ldoc", "ldoc\ldoc.csproj", "{9CA4F227-A617-4A6C-A2A6-50B1A2EE8333}"
EndProject
Project("{2150E333-8FDC-42A3-9474-1A3956D46DE8}") = "Solution Items", "Solution Items", "{3794AE63-E79D-4CA4-A969-B10A3A382F29}"
	ProjectSection(SolutionItems) = preProject
		diary.txt = diary.txt
		platform.txt = platform.txt
		..\prelude.lm = ..\prelude.lm
	EndProjectSection
EndProject
Project("{2150E333-8FDC-42A3-9474-1A3956D46DE8}") = "lsextensions", "lsextensions", "{79A22214-4A4F-49DD-B25D-AFCABDCEDED0}"
EndProject
Project("{2150E333-8FDC-42A3-9474-1A3956D46DE8}") = "ide", "ide", "{B27631EC-F586-4BBD-A856-5706E01616B8}"
EndProject
Project("{FAE04EC0-301F-11D3-BF4B-00C04F79EFBC}") = "xmltools", "xmltools\xmltools.csproj", "{D21B8DBE-5E42-42AC-B33C-AA9379D3FAAD}"
EndProject
Project("{FAE04EC0-301F-11D3-BF4B-00C04F79EFBC}") = "xml", "xml\xml.csproj", "{3C1DCBEB-36BE-4D94-ADA6-FE075DBA1EB2}"
EndProject
Project("{2150E333-8FDC-42A3-9474-1A3956D46DE8}") = "prelude", "prelude", "{F4A9C41D-FA40-4B3F-8CE4-DAEE67AEDBA1}"
	ProjectSection(SolutionItems) = preProject
		..\prelude.lm = ..\prelude.lm
	EndProjectSection
EndProject
Project("{FAE04EC0-301F-11D3-BF4B-00C04F79EFBC}") = "paint", "paint\paint.csproj", "{8BB95828-AEC0-4C30-918C-DDD532C5AB10}"
EndProject
Global
	GlobalSection(SolutionConfigurationPlatforms) = preSolution
		Debug|Any CPU = Debug|Any CPU
		Release|Any CPU = Release|Any CPU
	EndGlobalSection
	GlobalSection(ProjectConfigurationPlatforms) = postSolution
		{BAE2519A-C953-457F-9CD2-D17844FD4440}.Debug|Any CPU.ActiveCfg = Debug|Any CPU
		{BAE2519A-C953-457F-9CD2-D17844FD4440}.Debug|Any CPU.Build.0 = Debug|Any CPU
		{BAE2519A-C953-457F-9CD2-D17844FD4440}.Release|Any CPU.ActiveCfg = Release|Any CPU
		{BAE2519A-C953-457F-9CD2-D17844FD4440}.Release|Any CPU.Build.0 = Release|Any CPU
		{B2914BDF-F767-4007-A7BE-1B478C39A54E}.Debug|Any CPU.ActiveCfg = Debug|Any CPU
		{B2914BDF-F767-4007-A7BE-1B478C39A54E}.Debug|Any CPU.Build.0 = Debug|Any CPU
		{B2914BDF-F767-4007-A7BE-1B478C39A54E}.Release|Any CPU.ActiveCfg = Release|Any CPU
		{B2914BDF-F767-4007-A7BE-1B478C39A54E}.Release|Any CPU.Build.0 = Release|Any CPU
		{F5E04269-ACCF-4CE4-81A5-E0012F803184}.Debug|Any CPU.ActiveCfg = Debug|Any CPU
		{F5E04269-ACCF-4CE4-81A5-E0012F803184}.Debug|Any CPU.Build.0 = Debug|Any CPU
		{F5E04269-ACCF-4CE4-81A5-E0012F803184}.Release|Any CPU.ActiveCfg = Release|Any CPU
		{F5E04269-ACCF-4CE4-81A5-E0012F803184}.Release|Any CPU.Build.0 = Release|Any CPU
		{90C82290-986A-4F67-AACF-8A6683C401D8}.Debug|Any CPU.ActiveCfg = Debug|Any CPU
		{90C82290-986A-4F67-AACF-8A6683C401D8}.Debug|Any CPU.Build.0 = Debug|Any CPU
		{90C82290-986A-4F67-AACF-8A6683C401D8}.Release|Any CPU.ActiveCfg = Release|Any CPU
		{90C82290-986A-4F67-AACF-8A6683C401D8}.Release|Any CPU.Build.0 = Release|Any CPU
		{FF4D45BF-08A3-45EE-8163-41C35D748A8C}.Debug|Any CPU.ActiveCfg = Debug|Any CPU
		{FF4D45BF-08A3-45EE-8163-41C35D748A8C}.Debug|Any CPU.Build.0 = Debug|Any CPU
		{FF4D45BF-08A3-45EE-8163-41C35D748A8C}.Release|Any CPU.ActiveCfg = Release|Any CPU
		{FF4D45BF-08A3-45EE-8163-41C35D748A8C}.Release|Any CPU.Build.0 = Release|Any CPU
		{FCA7A883-D6E0-41ED-953D-EA6B4AAB87EC}.Debug|Any CPU.ActiveCfg = Debug|Any CPU
		{FCA7A883-D6E0-41ED-953D-EA6B4AAB87EC}.Debug|Any CPU.Build.0 = Debug|Any CPU
		{FCA7A883-D6E0-41ED-953D-EA6B4AAB87EC}.Release|Any CPU.ActiveCfg = Release|Any CPU
		{FCA7A883-D6E0-41ED-953D-EA6B4AAB87EC}.Release|Any CPU.Build.0 = Release|Any CPU
		{6DD14A85-CCFC-4774-BD26-0F5772512319}.Debug|Any CPU.ActiveCfg = Debug|Any CPU
		{6DD14A85-CCFC-4774-BD26-0F5772512319}.Debug|Any CPU.Build.0 = Debug|Any CPU
		{6DD14A85-CCFC-4774-BD26-0F5772512319}.Release|Any CPU.ActiveCfg = Release|Any CPU
		{6DD14A85-CCFC-4774-BD26-0F5772512319}.Release|Any CPU.Build.0 = Release|Any CPU
		{4D45964F-221B-4A64-BB17-3CCBD4DD8E88}.Debug|Any CPU.ActiveCfg = Debug|Any CPU
		{4D45964F-221B-4A64-BB17-3CCBD4DD8E88}.Debug|Any CPU.Build.0 = Debug|Any CPU
		{4D45964F-221B-4A64-BB17-3CCBD4DD8E88}.Release|Any CPU.ActiveCfg = Release|Any CPU
		{4D45964F-221B-4A64-BB17-3CCBD4DD8E88}.Release|Any CPU.Build.0 = Release|Any CPU
		{9253E610-4E7F-4015-B341-5FF5CBBA28E3}.Debug|Any CPU.ActiveCfg = Debug|Any CPU
		{9253E610-4E7F-4015-B341-5FF5CBBA28E3}.Debug|Any CPU.Build.0 = Debug|Any CPU
		{9253E610-4E7F-4015-B341-5FF5CBBA28E3}.Release|Any CPU.ActiveCfg = Release|Any CPU
		{9253E610-4E7F-4015-B341-5FF5CBBA28E3}.Release|Any CPU.Build.0 = Release|Any CPU
		{9CA4F227-A617-4A6C-A2A6-50B1A2EE8333}.Debug|Any CPU.ActiveCfg = Debug|Any CPU
		{9CA4F227-A617-4A6C-A2A6-50B1A2EE8333}.Debug|Any CPU.Build.0 = Debug|Any CPU
		{9CA4F227-A617-4A6C-A2A6-50B1A2EE8333}.Release|Any CPU.ActiveCfg = Release|Any CPU
		{9CA4F227-A617-4A6C-A2A6-50B1A2EE8333}.Release|Any CPU.Build.0 = Release|Any CPU
		{D21B8DBE-5E42-42AC-B33C-AA9379D3FAAD}.Debug|Any CPU.ActiveCfg = Debug|Any CPU
		{D21B8DBE-5E42-42AC-B33C-AA9379D3FAAD}.Debug|Any CPU.Build.0 = Debug|Any CPU
		{D21B8DBE-5E42-42AC-B33C-AA9379D3FAAD}.Release|Any CPU.ActiveCfg = Release|Any CPU
		{D21B8DBE-5E42-42AC-B33C-AA9379D3FAAD}.Release|Any CPU.Build.0 = Release|Any CPU
		{3C1DCBEB-36BE-4D94-ADA6-FE075DBA1EB2}.Debug|Any CPU.ActiveCfg = Debug|Any CPU
		{3C1DCBEB-36BE-4D94-ADA6-FE075DBA1EB2}.Debug|Any CPU.Build.0 = Debug|Any CPU
		{3C1DCBEB-36BE-4D94-ADA6-FE075DBA1EB2}.Release|Any CPU.ActiveCfg = Release|Any CPU
		{3C1DCBEB-36BE-4D94-ADA6-FE075DBA1EB2}.Release|Any CPU.Build.0 = Release|Any CPU
		{8BB95828-AEC0-4C30-918C-DDD532C5AB10}.Debug|Any CPU.ActiveCfg = Debug|Any CPU
		{8BB95828-AEC0-4C30-918C-DDD532C5AB10}.Debug|Any CPU.Build.0 = Debug|Any CPU
		{8BB95828-AEC0-4C30-918C-DDD532C5AB10}.Release|Any CPU.ActiveCfg = Release|Any CPU
		{8BB95828-AEC0-4C30-918C-DDD532C5AB10}.Release|Any CPU.Build.0 = Release|Any CPU
	EndGlobalSection
	GlobalSection(SolutionProperties) = preSolution
		HideSolutionNode = FALSE
	EndGlobalSection
	GlobalSection(NestedProjects) = preSolution
		{BAE2519A-C953-457F-9CD2-D17844FD4440} = {B27631EC-F586-4BBD-A856-5706E01616B8}
		{F5E04269-ACCF-4CE4-81A5-E0012F803184} = {880AA778-2EBC-43A1-B162-A34ADEF10385}
		{90C82290-986A-4F67-AACF-8A6683C401D8} = {880AA778-2EBC-43A1-B162-A34ADEF10385}
		{FF4D45BF-08A3-45EE-8163-41C35D748A8C} = {F3C66011-211D-4BC7-B0B4-14FBCFFDC61F}
		{FCA7A883-D6E0-41ED-953D-EA6B4AAB87EC} = {880AA778-2EBC-43A1-B162-A34ADEF10385}
		{6DD14A85-CCFC-4774-BD26-0F5772512319} = {B27631EC-F586-4BBD-A856-5706E01616B8}
		{9CA4F227-A617-4A6C-A2A6-50B1A2EE8333} = {F3C66011-211D-4BC7-B0B4-14FBCFFDC61F}
		{79A22214-4A4F-49DD-B25D-AFCABDCEDED0} = {B27631EC-F586-4BBD-A856-5706E01616B8}
		{D21B8DBE-5E42-42AC-B33C-AA9379D3FAAD} = {79A22214-4A4F-49DD-B25D-AFCABDCEDED0}
		{3C1DCBEB-36BE-4D94-ADA6-FE075DBA1EB2} = {880AA778-2EBC-43A1-B162-A34ADEF10385}
		{F4A9C41D-FA40-4B3F-8CE4-DAEE67AEDBA1} = {3794AE63-E79D-4CA4-A969-B10A3A382F29}
	EndGlobalSection
	GlobalSection(ExtensibilityGlobals) = postSolution
		SolutionGuid = {BF3F3BE2-8521-4C91-99D7-8DDA3FB5AB5F}
	EndGlobalSection
EndGlobal
